// !$*UTF8*$!
{
	archiveVersion = 1;
	classes = {
	};
	objectVersion = 46;
	objects = {

/* Begin PBXBuildFile section */
		A5DC20131B02163900F4662C /* AppDelegate.swift in Sources */ = {isa = PBXBuildFile; fileRef = A5DC20121B02163900F4662C /* AppDelegate.swift */; };
		A5DC20151B02163900F4662C /* ViewController.swift in Sources */ = {isa = PBXBuildFile; fileRef = A5DC20141B02163900F4662C /* ViewController.swift */; };
		A5DC20181B02163900F4662C /* Main.storyboard in Resources */ = {isa = PBXBuildFile; fileRef = A5DC20161B02163900F4662C /* Main.storyboard */; };
		A5DC201A1B02163900F4662C /* Images.xcassets in Resources */ = {isa = PBXBuildFile; fileRef = A5DC20191B02163900F4662C /* Images.xcassets */; };
		A5DC201D1B02163900F4662C /* LaunchScreen.xib in Resources */ = {isa = PBXBuildFile; fileRef = A5DC201B1B02163900F4662C /* LaunchScreen.xib */; };
		A5DC20291B02163900F4662C /* SwipeToChooseWatchKitTests.swift in Sources */ = {isa = PBXBuildFile; fileRef = A5DC20281B02163900F4662C /* SwipeToChooseWatchKitTests.swift */; };
		A5DC203B1B02164D00F4662C /* InterfaceController.swift in Sources */ = {isa = PBXBuildFile; fileRef = A5DC203A1B02164D00F4662C /* InterfaceController.swift */; };
		A5DC20411B02164D00F4662C /* SwipeToChooseWatchKit WatchKit App.app in Resources */ = {isa = PBXBuildFile; fileRef = A5DC20401B02164D00F4662C /* SwipeToChooseWatchKit WatchKit App.app */; };
		A5DC204B1B02164D00F4662C /* Images.xcassets in Resources */ = {isa = PBXBuildFile; fileRef = A5DC204A1B02164D00F4662C /* Images.xcassets */; };
		A5DC204E1B02164D00F4662C /* SwipeToChooseWatchKit WatchKit Extension.appex in Embed App Extensions */ = {isa = PBXBuildFile; fileRef = A5DC20361B02164D00F4662C /* SwipeToChooseWatchKit WatchKit Extension.appex */; settings = {ATTRIBUTES = (RemoveHeadersOnCopy, ); }; };
		A5DC20571B02167200F4662C /* GameManager.swift in Sources */ = {isa = PBXBuildFile; fileRef = A5DC20561B02167200F4662C /* GameManager.swift */; };
		A5DC20581B02167200F4662C /* GameManager.swift in Sources */ = {isa = PBXBuildFile; fileRef = A5DC20561B02167200F4662C /* GameManager.swift */; };
		A5DC20591B02184600F4662C /* Images.xcassets in Resources */ = {isa = PBXBuildFile; fileRef = A5DC20191B02163900F4662C /* Images.xcassets */; };
		A5DC205D1B021B1000F4662C /* YESIC.swift in Sources */ = {isa = PBXBuildFile; fileRef = A5DC205B1B021B1000F4662C /* YESIC.swift */; };
		A5DC20601B021B1A00F4662C /* NOIC.swift in Sources */ = {isa = PBXBuildFile; fileRef = A5DC205E1B021B1A00F4662C /* NOIC.swift */; };
		A5DC20611B021D0400F4662C /* Interface.storyboard in Resources */ = {isa = PBXBuildFile; fileRef = A5DC20471B02164D00F4662C /* Interface.storyboard */; };
		A5DC20641B02213500F4662C /* Interface.storyboard in Resources */ = {isa = PBXBuildFile; fileRef = A5DC20471B02164D00F4662C /* Interface.storyboard */; };
/* End PBXBuildFile section */

/* Begin PBXContainerItemProxy section */
		A5DC20231B02163900F4662C /* PBXContainerItemProxy */ = {
			isa = PBXContainerItemProxy;
			containerPortal = A5DC20051B02163800F4662C /* Project object */;
			proxyType = 1;
			remoteGlobalIDString = A5DC200C1B02163800F4662C;
			remoteInfo = SwipeToChooseWatchKit;
		};
		A5DC20421B02164D00F4662C /* PBXContainerItemProxy */ = {
			isa = PBXContainerItemProxy;
			containerPortal = A5DC20051B02163800F4662C /* Project object */;
			proxyType = 1;
			remoteGlobalIDString = A5DC203F1B02164D00F4662C;
			remoteInfo = "SwipeToChooseWatchKit WatchKit App";
		};
		A5DC204C1B02164D00F4662C /* PBXContainerItemProxy */ = {
			isa = PBXContainerItemProxy;
			containerPortal = A5DC20051B02163800F4662C /* Project object */;
			proxyType = 1;
			remoteGlobalIDString = A5DC20351B02164D00F4662C;
			remoteInfo = "SwipeToChooseWatchKit WatchKit Extension";
		};
/* End PBXContainerItemProxy section */

/* Begin PBXCopyFilesBuildPhase section */
		A5DC20551B02164D00F4662C /* Embed App Extensions */ = {
			isa = PBXCopyFilesBuildPhase;
			buildActionMask = 2147483647;
			dstPath = "";
			dstSubfolderSpec = 13;
			files = (
				A5DC204E1B02164D00F4662C /* SwipeToChooseWatchKit WatchKit Extension.appex in Embed App Extensions */,
			);
			name = "Embed App Extensions";
			runOnlyForDeploymentPostprocessing = 0;
		};
/* End PBXCopyFilesBuildPhase section */

/* Begin PBXFileReference section */
		A5DC200D1B02163800F4662C /* SwipeToChooseWatchKit.app */ = {isa = PBXFileReference; explicitFileType = wrapper.application; includeInIndex = 0; path = SwipeToChooseWatchKit.app; sourceTree = BUILT_PRODUCTS_DIR; };
		A5DC20111B02163800F4662C /* Info.plist */ = {isa = PBXFileReference; lastKnownFileType = text.plist.xml; path = Info.plist; sourceTree = "<group>"; };
		A5DC20121B02163900F4662C /* AppDelegate.swift */ = {isa = PBXFileReference; lastKnownFileType = sourcecode.swift; path = AppDelegate.swift; sourceTree = "<group>"; };
		A5DC20141B02163900F4662C /* ViewController.swift */ = {isa = PBXFileReference; lastKnownFileType = sourcecode.swift; path = ViewController.swift; sourceTree = "<group>"; };
		A5DC20171B02163900F4662C /* Base */ = {isa = PBXFileReference; lastKnownFileType = file.storyboard; name = Base; path = Base.lproj/Main.storyboard; sourceTree = "<group>"; };
		A5DC20191B02163900F4662C /* Images.xcassets */ = {isa = PBXFileReference; lastKnownFileType = folder.assetcatalog; path = Images.xcassets; sourceTree = "<group>"; };
		A5DC201C1B02163900F4662C /* Base */ = {isa = PBXFileReference; lastKnownFileType = file.xib; name = Base; path = Base.lproj/LaunchScreen.xib; sourceTree = "<group>"; };
		A5DC20221B02163900F4662C /* SwipeToChooseWatchKitTests.xctest */ = {isa = PBXFileReference; explicitFileType = wrapper.cfbundle; includeInIndex = 0; path = SwipeToChooseWatchKitTests.xctest; sourceTree = BUILT_PRODUCTS_DIR; };
		A5DC20271B02163900F4662C /* Info.plist */ = {isa = PBXFileReference; lastKnownFileType = text.plist.xml; path = Info.plist; sourceTree = "<group>"; };
		A5DC20281B02163900F4662C /* SwipeToChooseWatchKitTests.swift */ = {isa = PBXFileReference; lastKnownFileType = sourcecode.swift; path = SwipeToChooseWatchKitTests.swift; sourceTree = "<group>"; };
		A5DC20361B02164D00F4662C /* SwipeToChooseWatchKit WatchKit Extension.appex */ = {isa = PBXFileReference; explicitFileType = "wrapper.app-extension"; includeInIndex = 0; path = "SwipeToChooseWatchKit WatchKit Extension.appex"; sourceTree = BUILT_PRODUCTS_DIR; };
		A5DC20391B02164D00F4662C /* Info.plist */ = {isa = PBXFileReference; lastKnownFileType = text.plist.xml; path = Info.plist; sourceTree = "<group>"; };
		A5DC203A1B02164D00F4662C /* InterfaceController.swift */ = {isa = PBXFileReference; lastKnownFileType = sourcecode.swift; path = InterfaceController.swift; sourceTree = "<group>"; };
		A5DC20401B02164D00F4662C /* SwipeToChooseWatchKit WatchKit App.app */ = {isa = PBXFileReference; explicitFileType = wrapper.application; includeInIndex = 0; path = "SwipeToChooseWatchKit WatchKit App.app"; sourceTree = BUILT_PRODUCTS_DIR; };
		A5DC20461B02164D00F4662C /* Info.plist */ = {isa = PBXFileReference; lastKnownFileType = text.plist.xml; path = Info.plist; sourceTree = "<group>"; };
		A5DC20481B02164D00F4662C /* Base */ = {isa = PBXFileReference; lastKnownFileType = file.storyboard; name = Base; path = Base.lproj/Interface.storyboard; sourceTree = "<group>"; };
		A5DC204A1B02164D00F4662C /* Images.xcassets */ = {isa = PBXFileReference; lastKnownFileType = folder.assetcatalog; path = Images.xcassets; sourceTree = "<group>"; };
		A5DC20561B02167200F4662C /* GameManager.swift */ = {isa = PBXFileReference; fileEncoding = 4; lastKnownFileType = sourcecode.swift; path = GameManager.swift; sourceTree = "<group>"; };
		A5DC205B1B021B1000F4662C /* YESIC.swift */ = {isa = PBXFileReference; fileEncoding = 4; lastKnownFileType = sourcecode.swift; path = YESIC.swift; sourceTree = "<group>"; };
		A5DC205E1B021B1A00F4662C /* NOIC.swift */ = {isa = PBXFileReference; fileEncoding = 4; lastKnownFileType = sourcecode.swift; path = NOIC.swift; sourceTree = "<group>"; };
/* End PBXFileReference section */

/* Begin PBXFrameworksBuildPhase section */
		A5DC200A1B02163800F4662C /* Frameworks */ = {
			isa = PBXFrameworksBuildPhase;
			buildActionMask = 2147483647;
			files = (
			);
			runOnlyForDeploymentPostprocessing = 0;
		};
		A5DC201F1B02163900F4662C /* Frameworks */ = {
			isa = PBXFrameworksBuildPhase;
			buildActionMask = 2147483647;
			files = (
			);
			runOnlyForDeploymentPostprocessing = 0;
		};
		A5DC20331B02164D00F4662C /* Frameworks */ = {
			isa = PBXFrameworksBuildPhase;
			buildActionMask = 2147483647;
			files = (
			);
			runOnlyForDeploymentPostprocessing = 0;
		};
/* End PBXFrameworksBuildPhase section */

/* Begin PBXGroup section */
		A5DC20041B02163800F4662C = {
			isa = PBXGroup;
			children = (
				A5DC200F1B02163800F4662C /* SwipeToChooseWatchKit */,
				A5DC20251B02163900F4662C /* SwipeToChooseWatchKitTests */,
				A5DC20371B02164D00F4662C /* SwipeToChooseWatchKit WatchKit Extension */,
				A5DC20441B02164D00F4662C /* SwipeToChooseWatchKit WatchKit App */,
				A5DC200E1B02163800F4662C /* Products */,
			);
			sourceTree = "<group>";
		};
		A5DC200E1B02163800F4662C /* Products */ = {
			isa = PBXGroup;
			children = (
				A5DC200D1B02163800F4662C /* SwipeToChooseWatchKit.app */,
				A5DC20221B02163900F4662C /* SwipeToChooseWatchKitTests.xctest */,
				A5DC20361B02164D00F4662C /* SwipeToChooseWatchKit WatchKit Extension.appex */,
				A5DC20401B02164D00F4662C /* SwipeToChooseWatchKit WatchKit App.app */,
			);
			name = Products;
			sourceTree = "<group>";
		};
		A5DC200F1B02163800F4662C /* SwipeToChooseWatchKit */ = {
			isa = PBXGroup;
			children = (
				A5DC20561B02167200F4662C /* GameManager.swift */,
				A5DC20121B02163900F4662C /* AppDelegate.swift */,
				A5DC20141B02163900F4662C /* ViewController.swift */,
				A5DC20161B02163900F4662C /* Main.storyboard */,
				A5DC20191B02163900F4662C /* Images.xcassets */,
				A5DC201B1B02163900F4662C /* LaunchScreen.xib */,
				A5DC20101B02163800F4662C /* Supporting Files */,
			);
			path = SwipeToChooseWatchKit;
			sourceTree = "<group>";
		};
		A5DC20101B02163800F4662C /* Supporting Files */ = {
			isa = PBXGroup;
			children = (
				A5DC20111B02163800F4662C /* Info.plist */,
			);
			name = "Supporting Files";
			sourceTree = "<group>";
		};
		A5DC20251B02163900F4662C /* SwipeToChooseWatchKitTests */ = {
			isa = PBXGroup;
			children = (
				A5DC20281B02163900F4662C /* SwipeToChooseWatchKitTests.swift */,
				A5DC20261B02163900F4662C /* Supporting Files */,
			);
			path = SwipeToChooseWatchKitTests;
			sourceTree = "<group>";
		};
		A5DC20261B02163900F4662C /* Supporting Files */ = {
			isa = PBXGroup;
			children = (
				A5DC20271B02163900F4662C /* Info.plist */,
			);
			name = "Supporting Files";
			sourceTree = "<group>";
		};
		A5DC20371B02164D00F4662C /* SwipeToChooseWatchKit WatchKit Extension */ = {
			isa = PBXGroup;
			children = (
				A5DC203A1B02164D00F4662C /* InterfaceController.swift */,
				A5DC205B1B021B1000F4662C /* YESIC.swift */,
				A5DC205E1B021B1A00F4662C /* NOIC.swift */,
				A5DC20381B02164D00F4662C /* Supporting Files */,
			);
			path = "SwipeToChooseWatchKit WatchKit Extension";
			sourceTree = "<group>";
		};
		A5DC20381B02164D00F4662C /* Supporting Files */ = {
			isa = PBXGroup;
			children = (
				A5DC20391B02164D00F4662C /* Info.plist */,
			);
			name = "Supporting Files";
			sourceTree = "<group>";
		};
		A5DC20441B02164D00F4662C /* SwipeToChooseWatchKit WatchKit App */ = {
			isa = PBXGroup;
			children = (
				A5DC20471B02164D00F4662C /* Interface.storyboard */,
				A5DC204A1B02164D00F4662C /* Images.xcassets */,
				A5DC20451B02164D00F4662C /* Supporting Files */,
			);
			path = "SwipeToChooseWatchKit WatchKit App";
			sourceTree = "<group>";
		};
		A5DC20451B02164D00F4662C /* Supporting Files */ = {
			isa = PBXGroup;
			children = (
				A5DC20461B02164D00F4662C /* Info.plist */,
			);
			name = "Supporting Files";
			sourceTree = "<group>";
		};
/* End PBXGroup section */

/* Begin PBXNativeTarget section */
		A5DC200C1B02163800F4662C /* SwipeToChooseWatchKit */ = {
			isa = PBXNativeTarget;
			buildConfigurationList = A5DC202C1B02163900F4662C /* Build configuration list for PBXNativeTarget "SwipeToChooseWatchKit" */;
			buildPhases = (
				A5DC20091B02163800F4662C /* Sources */,
				A5DC200A1B02163800F4662C /* Frameworks */,
				A5DC200B1B02163800F4662C /* Resources */,
				A5DC20551B02164D00F4662C /* Embed App Extensions */,
			);
			buildRules = (
			);
			dependencies = (
				A5DC204D1B02164D00F4662C /* PBXTargetDependency */,
			);
			name = SwipeToChooseWatchKit;
			productName = SwipeToChooseWatchKit;
			productReference = A5DC200D1B02163800F4662C /* SwipeToChooseWatchKit.app */;
			productType = "com.apple.product-type.application";
		};
		A5DC20211B02163900F4662C /* SwipeToChooseWatchKitTests */ = {
			isa = PBXNativeTarget;
			buildConfigurationList = A5DC202F1B02163900F4662C /* Build configuration list for PBXNativeTarget "SwipeToChooseWatchKitTests" */;
			buildPhases = (
				A5DC201E1B02163900F4662C /* Sources */,
				A5DC201F1B02163900F4662C /* Frameworks */,
				A5DC20201B02163900F4662C /* Resources */,
			);
			buildRules = (
			);
			dependencies = (
				A5DC20241B02163900F4662C /* PBXTargetDependency */,
			);
			name = SwipeToChooseWatchKitTests;
			productName = SwipeToChooseWatchKitTests;
			productReference = A5DC20221B02163900F4662C /* SwipeToChooseWatchKitTests.xctest */;
			productType = "com.apple.product-type.bundle.unit-test";
		};
		A5DC20351B02164D00F4662C /* SwipeToChooseWatchKit WatchKit Extension */ = {
			isa = PBXNativeTarget;
			buildConfigurationList = A5DC20521B02164D00F4662C /* Build configuration list for PBXNativeTarget "SwipeToChooseWatchKit WatchKit Extension" */;
			buildPhases = (
				A5DC20321B02164D00F4662C /* Sources */,
				A5DC20331B02164D00F4662C /* Frameworks */,
				A5DC20341B02164D00F4662C /* Resources */,
			);
			buildRules = (
			);
			dependencies = (
				A5DC20431B02164D00F4662C /* PBXTargetDependency */,
			);
			name = "SwipeToChooseWatchKit WatchKit Extension";
			productName = "SwipeToChooseWatchKit WatchKit Extension";
			productReference = A5DC20361B02164D00F4662C /* SwipeToChooseWatchKit WatchKit Extension.appex */;
			productType = "com.apple.product-type.watchkit-extension";
		};
		A5DC203F1B02164D00F4662C /* SwipeToChooseWatchKit WatchKit App */ = {
			isa = PBXNativeTarget;
			buildConfigurationList = A5DC204F1B02164D00F4662C /* Build configuration list for PBXNativeTarget "SwipeToChooseWatchKit WatchKit App" */;
			buildPhases = (
				A5DC203E1B02164D00F4662C /* Resources */,
			);
			buildRules = (
			);
			dependencies = (
			);
			name = "SwipeToChooseWatchKit WatchKit App";
			productName = "SwipeToChooseWatchKit WatchKit App";
			productReference = A5DC20401B02164D00F4662C /* SwipeToChooseWatchKit WatchKit App.app */;
			productType = "com.apple.product-type.application.watchapp";
		};
/* End PBXNativeTarget section */

/* Begin PBXProject section */
		A5DC20051B02163800F4662C /* Project object */ = {
			isa = PBXProject;
			attributes = {
				LastUpgradeCheck = 0630;
				ORGANIZATIONNAME = STRV;
				TargetAttributes = {
					A5DC200C1B02163800F4662C = {
						CreatedOnToolsVersion = 6.3.1;
					};
					A5DC20211B02163900F4662C = {
						CreatedOnToolsVersion = 6.3.1;
						TestTargetID = A5DC200C1B02163800F4662C;
					};
					A5DC20351B02164D00F4662C = {
						CreatedOnToolsVersion = 6.3.1;
					};
					A5DC203F1B02164D00F4662C = {
						CreatedOnToolsVersion = 6.3.1;
					};
				};
			};
			buildConfigurationList = A5DC20081B02163800F4662C /* Build configuration list for PBXProject "SwipeToChooseWatchKit" */;
			compatibilityVersion = "Xcode 3.2";
			developmentRegion = English;
			hasScannedForEncodings = 0;
			knownRegions = (
				en,
				Base,
			);
			mainGroup = A5DC20041B02163800F4662C;
			productRefGroup = A5DC200E1B02163800F4662C /* Products */;
			projectDirPath = "";
			projectRoot = "";
			targets = (
				A5DC200C1B02163800F4662C /* SwipeToChooseWatchKit */,
				A5DC20211B02163900F4662C /* SwipeToChooseWatchKitTests */,
				A5DC20351B02164D00F4662C /* SwipeToChooseWatchKit WatchKit Extension */,
				A5DC203F1B02164D00F4662C /* SwipeToChooseWatchKit WatchKit App */,
			);
		};
/* End PBXProject section */

/* Begin PBXResourcesBuildPhase section */
		A5DC200B1B02163800F4662C /* Resources */ = {
			isa = PBXResourcesBuildPhase;
			buildActionMask = 2147483647;
			files = (
				A5DC20181B02163900F4662C /* Main.storyboard in Resources */,
				A5DC201D1B02163900F4662C /* LaunchScreen.xib in Resources */,
				A5DC201A1B02163900F4662C /* Images.xcassets in Resources */,
			);
			runOnlyForDeploymentPostprocessing = 0;
		};
		A5DC20201B02163900F4662C /* Resources */ = {
			isa = PBXResourcesBuildPhase;
			buildActionMask = 2147483647;
			files = (
			);
			runOnlyForDeploymentPostprocessing = 0;
		};
		A5DC20341B02164D00F4662C /* Resources */ = {
			isa = PBXResourcesBuildPhase;
			buildActionMask = 2147483647;
			files = (
				A5DC20411B02164D00F4662C /* SwipeToChooseWatchKit WatchKit App.app in Resources */,
				A5DC20611B021D0400F4662C /* Interface.storyboard in Resources */,
				A5DC20591B02184600F4662C /* Images.xcassets in Resources */,
			);
			runOnlyForDeploymentPostprocessing = 0;
		};
		A5DC203E1B02164D00F4662C /* Resources */ = {
			isa = PBXResourcesBuildPhase;
			buildActionMask = 2147483647;
			files = (
				A5DC20641B02213500F4662C /* Interface.storyboard in Resources */,
				A5DC204B1B02164D00F4662C /* Images.xcassets in Resources */,
			);
			runOnlyForDeploymentPostprocessing = 0;
		};
/* End PBXResourcesBuildPhase section */

/* Begin PBXSourcesBuildPhase section */
		A5DC20091B02163800F4662C /* Sources */ = {
			isa = PBXSourcesBuildPhase;
			buildActionMask = 2147483647;
			files = (
				A5DC20151B02163900F4662C /* ViewController.swift in Sources */,
				A5DC20571B02167200F4662C /* GameManager.swift in Sources */,
				A5DC20131B02163900F4662C /* AppDelegate.swift in Sources */,
			);
			runOnlyForDeploymentPostprocessing = 0;
		};
		A5DC201E1B02163900F4662C /* Sources */ = {
			isa = PBXSourcesBuildPhase;
			buildActionMask = 2147483647;
			files = (
				A5DC20291B02163900F4662C /* SwipeToChooseWatchKitTests.swift in Sources */,
			);
			runOnlyForDeploymentPostprocessing = 0;
		};
		A5DC20321B02164D00F4662C /* Sources */ = {
			isa = PBXSourcesBuildPhase;
			buildActionMask = 2147483647;
			files = (
				A5DC205D1B021B1000F4662C /* YESIC.swift in Sources */,
				A5DC203B1B02164D00F4662C /* InterfaceController.swift in Sources */,
				A5DC20601B021B1A00F4662C /* NOIC.swift in Sources */,
				A5DC20581B02167200F4662C /* GameManager.swift in Sources */,
			);
			runOnlyForDeploymentPostprocessing = 0;
		};
/* End PBXSourcesBuildPhase section */

/* Begin PBXTargetDependency section */
		A5DC20241B02163900F4662C /* PBXTargetDependency */ = {
			isa = PBXTargetDependency;
			target = A5DC200C1B02163800F4662C /* SwipeToChooseWatchKit */;
			targetProxy = A5DC20231B02163900F4662C /* PBXContainerItemProxy */;
		};
		A5DC20431B02164D00F4662C /* PBXTargetDependency */ = {
			isa = PBXTargetDependency;
			target = A5DC203F1B02164D00F4662C /* SwipeToChooseWatchKit WatchKit App */;
			targetProxy = A5DC20421B02164D00F4662C /* PBXContainerItemProxy */;
		};
		A5DC204D1B02164D00F4662C /* PBXTargetDependency */ = {
			isa = PBXTargetDependency;
			target = A5DC20351B02164D00F4662C /* SwipeToChooseWatchKit WatchKit Extension */;
			targetProxy = A5DC204C1B02164D00F4662C /* PBXContainerItemProxy */;
		};
/* End PBXTargetDependency section */

/* Begin PBXVariantGroup section */
		A5DC20161B02163900F4662C /* Main.storyboard */ = {
			isa = PBXVariantGroup;
			children = (
				A5DC20171B02163900F4662C /* Base */,
			);
			name = Main.storyboard;
			sourceTree = "<group>";
		};
		A5DC201B1B02163900F4662C /* LaunchScreen.xib */ = {
			isa = PBXVariantGroup;
			children = (
				A5DC201C1B02163900F4662C /* Base */,
			);
			name = LaunchScreen.xib;
			sourceTree = "<group>";
		};
		A5DC20471B02164D00F4662C /* Interface.storyboard */ = {
			isa = PBXVariantGroup;
			children = (
				A5DC20481B02164D00F4662C /* Base */,
			);
			name = Interface.storyboard;
			sourceTree = "<group>";
		};
/* End PBXVariantGroup section */

/* Begin XCBuildConfiguration section */
		A5DC202A1B02163900F4662C /* Debug */ = {
			isa = XCBuildConfiguration;
			buildSettings = {
				ALWAYS_SEARCH_USER_PATHS = NO;
				CLANG_CXX_LANGUAGE_STANDARD = "gnu++0x";
				CLANG_CXX_LIBRARY = "libc++";
				CLANG_ENABLE_MODULES = YES;
				CLANG_ENABLE_OBJC_ARC = YES;
				CLANG_WARN_BOOL_CONVERSION = YES;
				CLANG_WARN_CONSTANT_CONVERSION = YES;
				CLANG_WARN_DIRECT_OBJC_ISA_USAGE = YES_ERROR;
				CLANG_WARN_EMPTY_BODY = YES;
				CLANG_WARN_ENUM_CONVERSION = YES;
				CLANG_WARN_INT_CONVERSION = YES;
				CLANG_WARN_OBJC_ROOT_CLASS = YES_ERROR;
				CLANG_WARN_UNREACHABLE_CODE = YES;
				CLANG_WARN__DUPLICATE_METHOD_MATCH = YES;
				"CODE_SIGN_IDENTITY[sdk=iphoneos*]" = "iPhone Developer";
				COPY_PHASE_STRIP = NO;
				DEBUG_INFORMATION_FORMAT = "dwarf-with-dsym";
				ENABLE_STRICT_OBJC_MSGSEND = YES;
				GCC_C_LANGUAGE_STANDARD = gnu99;
				GCC_DYNAMIC_NO_PIC = NO;
				GCC_NO_COMMON_BLOCKS = YES;
				GCC_OPTIMIZATION_LEVEL = 0;
				GCC_PREPROCESSOR_DEFINITIONS = (
					"DEBUG=1",
					"$(inherited)",
				);
				GCC_SYMBOLS_PRIVATE_EXTERN = NO;
				GCC_WARN_64_TO_32_BIT_CONVERSION = YES;
				GCC_WARN_ABOUT_RETURN_TYPE = YES_ERROR;
				GCC_WARN_UNDECLARED_SELECTOR = YES;
				GCC_WARN_UNINITIALIZED_AUTOS = YES_AGGRESSIVE;
				GCC_WARN_UNUSED_FUNCTION = YES;
				GCC_WARN_UNUSED_VARIABLE = YES;
				IPHONEOS_DEPLOYMENT_TARGET = 8.3;
				MTL_ENABLE_DEBUG_INFO = YES;
				ONLY_ACTIVE_ARCH = YES;
				SDKROOT = iphoneos;
				SWIFT_OPTIMIZATION_LEVEL = "-Onone";
				TARGETED_DEVICE_FAMILY = "1,2";
			};
			name = Debug;
		};
		A5DC202B1B02163900F4662C /* Release */ = {
			isa = XCBuildConfiguration;
			buildSettings = {
				ALWAYS_SEARCH_USER_PATHS = NO;
				CLANG_CXX_LANGUAGE_STANDARD = "gnu++0x";
				CLANG_CXX_LIBRARY = "libc++";
				CLANG_ENABLE_MODULES = YES;
				CLANG_ENABLE_OBJC_ARC = YES;
				CLANG_WARN_BOOL_CONVERSION = YES;
				CLANG_WARN_CONSTANT_CONVERSION = YES;
				CLANG_WARN_DIRECT_OBJC_ISA_USAGE = YES_ERROR;
				CLANG_WARN_EMPTY_BODY = YES;
				CLANG_WARN_ENUM_CONVERSION = YES;
				CLANG_WARN_INT_CONVERSION = YES;
				CLANG_WARN_OBJC_ROOT_CLASS = YES_ERROR;
				CLANG_WARN_UNREACHABLE_CODE = YES;
				CLANG_WARN__DUPLICATE_METHOD_MATCH = YES;
				"CODE_SIGN_IDENTITY[sdk=iphoneos*]" = "iPhone Developer";
				COPY_PHASE_STRIP = NO;
				DEBUG_INFORMATION_FORMAT = "dwarf-with-dsym";
				ENABLE_NS_ASSERTIONS = NO;
				ENABLE_STRICT_OBJC_MSGSEND = YES;
				GCC_C_LANGUAGE_STANDARD = gnu99;
				GCC_NO_COMMON_BLOCKS = YES;
				GCC_WARN_64_TO_32_BIT_CONVERSION = YES;
				GCC_WARN_ABOUT_RETURN_TYPE = YES_ERROR;
				GCC_WARN_UNDECLARED_SELECTOR = YES;
				GCC_WARN_UNINITIALIZED_AUTOS = YES_AGGRESSIVE;
				GCC_WARN_UNUSED_FUNCTION = YES;
				GCC_WARN_UNUSED_VARIABLE = YES;
				IPHONEOS_DEPLOYMENT_TARGET = 8.3;
				MTL_ENABLE_DEBUG_INFO = NO;
				SDKROOT = iphoneos;
				TARGETED_DEVICE_FAMILY = "1,2";
				VALIDATE_PRODUCT = YES;
			};
			name = Release;
		};
		A5DC202D1B02163900F4662C /* Debug */ = {
			isa = XCBuildConfiguration;
			buildSettings = {
				ASSETCATALOG_COMPILER_APPICON_NAME = AppIcon;
				INFOPLIST_FILE = SwipeToChooseWatchKit/Info.plist;
				LD_RUNPATH_SEARCH_PATHS = "$(inherited) @executable_path/Frameworks";
				PRODUCT_NAME = "$(TARGET_NAME)";
			};
			name = Debug;
		};
		A5DC202E1B02163900F4662C /* Release */ = {
			isa = XCBuildConfiguration;
			buildSettings = {
				ASSETCATALOG_COMPILER_APPICON_NAME = AppIcon;
				INFOPLIST_FILE = SwipeToChooseWatchKit/Info.plist;
				LD_RUNPATH_SEARCH_PATHS = "$(inherited) @executable_path/Frameworks";
				PRODUCT_NAME = "$(TARGET_NAME)";
			};
			name = Release;
		};
		A5DC20301B02163900F4662C /* Debug */ = {
			isa = XCBuildConfiguration;
			buildSettings = {
				BUNDLE_LOADER = "$(TEST_HOST)";
				FRAMEWORK_SEARCH_PATHS = (
					"$(SDKROOT)/Developer/Library/Frameworks",
					"$(inherited)",
				);
				GCC_PREPROCESSOR_DEFINITIONS = (
					"DEBUG=1",
					"$(inherited)",
				);
				INFOPLIST_FILE = SwipeToChooseWatchKitTests/Info.plist;
				LD_RUNPATH_SEARCH_PATHS = "$(inherited) @executable_path/Frameworks @loader_path/Frameworks";
				PRODUCT_NAME = "$(TARGET_NAME)";
				TEST_HOST = "$(BUILT_PRODUCTS_DIR)/SwipeToChooseWatchKit.app/SwipeToChooseWatchKit";
			};
			name = Debug;
		};
		A5DC20311B02163900F4662C /* Release */ = {
			isa = XCBuildConfiguration;
			buildSettings = {
				BUNDLE_LOADER = "$(TEST_HOST)";
				FRAMEWORK_SEARCH_PATHS = (
					"$(SDKROOT)/Developer/Library/Frameworks",
					"$(inherited)",
				);
				INFOPLIST_FILE = SwipeToChooseWatchKitTests/Info.plist;
				LD_RUNPATH_SEARCH_PATHS = "$(inherited) @executable_path/Frameworks @loader_path/Frameworks";
				PRODUCT_NAME = "$(TARGET_NAME)";
				TEST_HOST = "$(BUILT_PRODUCTS_DIR)/SwipeToChooseWatchKit.app/SwipeToChooseWatchKit";
			};
			name = Release;
		};
		A5DC20501B02164D00F4662C /* Debug */ = {
			isa = XCBuildConfiguration;
			buildSettings = {
				ASSETCATALOG_COMPILER_APPICON_NAME = AppIcon;
				GCC_PREPROCESSOR_DEFINITIONS = (
					"DEBUG=1",
					"$(inherited)",
				);
				IBSC_MODULE = SwipeToChooseWatchKit_WatchKit_Extension;
				INFOPLIST_FILE = "SwipeToChooseWatchKit WatchKit App/Info.plist";
				IPHONEOS_DEPLOYMENT_TARGET = 8.2;
				PRODUCT_NAME = "$(TARGET_NAME)";
				SKIP_INSTALL = YES;
				TARGETED_DEVICE_FAMILY = 4;
				"TARGETED_DEVICE_FAMILY[sdk=iphonesimulator*]" = "1,4";
			};
			name = Debug;
		};
		A5DC20511B02164D00F4662C /* Release */ = {
			isa = XCBuildConfiguration;
			buildSettings = {
				ASSETCATALOG_COMPILER_APPICON_NAME = AppIcon;
				IBSC_MODULE = SwipeToChooseWatchKit_WatchKit_Extension;
				INFOPLIST_FILE = "SwipeToChooseWatchKit WatchKit App/Info.plist";
				IPHONEOS_DEPLOYMENT_TARGET = 8.2;
				PRODUCT_NAME = "$(TARGET_NAME)";
				SKIP_INSTALL = YES;
				TARGETED_DEVICE_FAMILY = 4;
				"TARGETED_DEVICE_FAMILY[sdk=iphonesimulator*]" = "1,4";
			};
			name = Release;
		};
		A5DC20531B02164D00F4662C /* Debug */ = {
			isa = XCBuildConfiguration;
			buildSettings = {
				GCC_PREPROCESSOR_DEFINITIONS = (
					"DEBUG=1",
					"$(inherited)",
				);
				INFOPLIST_FILE = "SwipeToChooseWatchKit WatchKit Extension/Info.plist";
				LD_RUNPATH_SEARCH_PATHS = "$(inherited) @executable_path/Frameworks @executable_path/../../Frameworks";
				PRODUCT_NAME = "${TARGET_NAME}";
				SKIP_INSTALL = YES;
			};
			name = Debug;
		};
		A5DC20541B02164D00F4662C /* Release */ = {
			isa = XCBuildConfiguration;
			buildSettings = {
				INFOPLIST_FILE = "SwipeToChooseWatchKit WatchKit Extension/Info.plist";
				LD_RUNPATH_SEARCH_PATHS = "$(inherited) @executable_path/Frameworks @executable_path/../../Frameworks";
				PRODUCT_NAME = "${TARGET_NAME}";
				SKIP_INSTALL = YES;
			};
			name = Release;
		};
/* End XCBuildConfiguration section */

/* Begin XCConfigurationList section */
		A5DC20081B02163800F4662C /* Build configuration list for PBXProject "SwipeToChooseWatchKit" */ = {
			isa = XCConfigurationList;
			buildConfigurations = (
				A5DC202A1B02163900F4662C /* Debug */,
				A5DC202B1B02163900F4662C /* Release */,
			);
			defaultConfigurationIsVisible = 0;
			defaultConfigurationName = Release;
		};
		A5DC202C1B02163900F4662C /* Build configuration list for PBXNativeTarget "SwipeToChooseWatchKit" */ = {
			isa = XCConfigurationList;
			buildConfigurations = (
				A5DC202D1B02163900F4662C /* Debug */,
				A5DC202E1B02163900F4662C /* Release */,
			);
			defaultConfigurationIsVisible = 0;
			defaultConfigurationName = Release;
		};
		A5DC202F1B02163900F4662C /* Build configuration list for PBXNativeTarget "SwipeToChooseWatchKitTests" */ = {
			isa = XCConfigurationList;
			buildConfigurations = (
				A5DC20301B02163900F4662C /* Debug */,
				A5DC20311B02163900F4662C /* Release */,
			);
			defaultConfigurationIsVisible = 0;
			defaultConfigurationName = Release;
		};
		A5DC204F1B02164D00F4662C /* Build configuration list for PBXNativeTarget "SwipeToChooseWatchKit WatchKit App" */ = {
			isa = XCConfigurationList;
			buildConfigurations = (
				A5DC20501B02164D00F4662C /* Debug */,
				A5DC20511B02164D00F4662C /* Release */,
			);
			defaultConfigurationIsVisible = 0;
			defaultConfigurationName = Release;
		};
		A5DC20521B02164D00F4662C /* Build configuration list for PBXNativeTarget "SwipeToChooseWatchKit WatchKit Extension" */ = {
			isa = XCConfigurationList;
			buildConfigurations = (
				A5DC20531B02164D00F4662C /* Debug */,
				A5DC20541B02164D00F4662C /* Release */,
			);
			defaultConfigurationIsVisible = 0;
			defaultConfigurationName = Release;
		};
/* End XCConfigurationList section */
	};
	rootObject = A5DC20051B02163800F4662C /* Project object */;
}
